{
    "_readme": [
        "This file locks the dependencies of your project to a known state",
        "Read more about it at https://getcomposer.org/doc/01-basic-usage.md#composer-lock-the-lock-file",
        "This file is @generated automatically"
    ],
    "content-hash": "cc937974259dfcb9e05430e828f51b10",
    "packages": [
        {
            "name": "inviqa/composer-seeder-plugin",
            "version": "v0.1.2",
            "source": {
                "type": "git",
                "url": "https://github.com/inviqa/inviqa-composer-seeder-plugin.git",
                "reference": "e78054d67591443491a1a223c94ccdc1372e2af1"
            },
            "dist": {
                "type": "zip",
                "url": "https://api.github.com/repos/inviqa/inviqa-composer-seeder-plugin/zipball/e78054d67591443491a1a223c94ccdc1372e2af1",
                "reference": "e78054d67591443491a1a223c94ccdc1372e2af1",
                "shasum": ""
            },
            "require": {
                "composer-plugin-api": "^1.0",
                "php": ">=5.6",
                "symfony/finder": "^3.1",
                "twig/twig": "^1.24"
            },
            "type": "composer-plugin",
            "extra": {
                "class": "Inviqa\\Seeder\\SeederPlugin"
            },
            "autoload": {
                "psr-4": {
                    "Inviqa\\Seeder\\": "src/"
                }
            },
            "license": [
                "MIT"
            ],
            "authors": [
                {
                    "name": "Andy Thompson",
                    "email": "athompson@inviqa.com"
                }
            ],
            "description": "A post-create-project-cmd plugin to make source projects templatable",
            "support": {
                "source": "https://github.com/inviqa/inviqa-composer-seeder-plugin/tree/v0.1.2",
                "issues": "https://github.com/inviqa/inviqa-composer-seeder-plugin/issues"
            },
            "time": "2017-06-19T10:55:09+00:00"
        },
        {
            "name": "symfony/finder",
            "version": "v3.4.8",
            "source": {
                "type": "git",
                "url": "https://github.com/symfony/finder.git",
                "reference": "bd14efe8b1fabc4de82bf50dce62f05f9a102433"
            },
            "dist": {
                "type": "zip",
                "url": "https://api.github.com/repos/symfony/finder/zipball/bd14efe8b1fabc4de82bf50dce62f05f9a102433",
                "reference": "bd14efe8b1fabc4de82bf50dce62f05f9a102433",
                "shasum": ""
            },
            "require": {
                "php": "^5.5.9|>=7.0.8"
            },
            "type": "library",
            "extra": {
                "branch-alias": {
                    "dev-master": "3.4-dev"
                }
            },
            "autoload": {
                "psr-4": {
                    "Symfony\\Component\\Finder\\": ""
                },
                "exclude-from-classmap": [
                    "/Tests/"
                ]
            },
            "notification-url": "https://packagist.org/downloads/",
            "license": [
                "MIT"
            ],
            "authors": [
                {
                    "name": "Fabien Potencier",
                    "email": "fabien@symfony.com"
                },
                {
                    "name": "Symfony Community",
                    "homepage": "https://symfony.com/contributors"
                }
            ],
            "description": "Symfony Finder Component",
            "homepage": "https://symfony.com",
            "time": "2018-04-04T05:07:11+00:00"
        },
        {
            "name": "twig/twig",
            "version": "v1.35.3",
            "source": {
                "type": "git",
                "url": "https://github.com/twigphp/Twig.git",
                "reference": "b48680b6eb7d16b5025b9bfc4108d86f6b8af86f"
            },
            "dist": {
                "type": "zip",
                "url": "https://api.github.com/repos/twigphp/Twig/zipball/b48680b6eb7d16b5025b9bfc4108d86f6b8af86f",
                "reference": "b48680b6eb7d16b5025b9bfc4108d86f6b8af86f",
                "shasum": ""
            },
            "require": {
                "php": ">=5.3.3"
            },
            "require-dev": {
                "psr/container": "^1.0",
                "symfony/debug": "^2.7",
                "symfony/phpunit-bridge": "^3.3"
            },
            "type": "library",
            "extra": {
                "branch-alias": {
                    "dev-master": "1.35-dev"
                }
            },
            "autoload": {
                "psr-0": {
                    "Twig_": "lib/"
                },
                "psr-4": {
                    "Twig\\": "src/"
                }
            },
            "notification-url": "https://packagist.org/downloads/",
            "license": [
                "BSD-3-Clause"
            ],
            "authors": [
                {
                    "name": "Fabien Potencier",
                    "email": "fabien@symfony.com",
                    "homepage": "http://fabien.potencier.org",
                    "role": "Lead Developer"
                },
                {
                    "name": "Armin Ronacher",
                    "email": "armin.ronacher@active-4.com",
                    "role": "Project Founder"
                },
                {
                    "name": "Twig Team",
                    "homepage": "http://twig.sensiolabs.org/contributors",
                    "role": "Contributors"
                }
            ],
            "description": "Twig, the flexible, fast, and secure template language for PHP",
            "homepage": "http://twig.sensiolabs.org",
            "keywords": [
                "templating"
            ],
            "time": "2018-03-20T04:25:58+00:00"
        }
    ],
    "packages-dev": [],
    "aliases": [],
    "minimum-stability": "stable",
    "stability-flags": [],
    "prefer-stable": false,
    "prefer-lowest": false,
    "platform": {
        "php": ">=5.6"
    },
    "platform-dev": []
}
